
Microsoft Visual Studio Solution File, Format Version 12.00
# Visual Studio Version 17
VisualStudioVersion = 17.4.33403.182
MinimumVisualStudioVersion = 10.0.40219.1
Project("{9A19103F-16F7-4668-BE54-9A1E7A4F7556}") = "FirstApiApp", "FirstApiApp.csproj", "{EBCEC091-6B7C-4B75-9535-26A95E04C230}"
EndProject
Project("{FAE04EC0-301F-11D3-BF4B-00C04F79EFBC}") = "FirstApiAppTests", "..\FirstApiAppTests\FirstApiAppTests.csproj", "{184C9551-12BF-40E2-8AE8-A817115F54F5}"
EndProject
Global
	GlobalSection(SolutionConfigurationPlatforms) = preSolution
		Debug|Any CPU = Debug|Any CPU
		Release|Any CPU = Release|Any CPU
	EndGlobalSection
	GlobalSection(ProjectConfigurationPlatforms) = postSolution
		{EBCEC091-6B7C-4B75-9535-26A95E04C230}.Debug|Any CPU.ActiveCfg = Debug|Any CPU
		{EBCEC091-6B7C-4B75-9535-26A95E04C230}.Debug|Any CPU.Build.0 = Debug|Any CPU
		{EBCEC091-6B7C-4B75-9535-26A95E04C230}.Release|Any CPU.ActiveCfg = Release|Any CPU
		{EBCEC091-6B7C-4B75-9535-26A95E04C230}.Release|Any CPU.Build.0 = Release|Any CPU
		{184C9551-12BF-40E2-8AE8-A817115F54F5}.Debug|Any CPU.ActiveCfg = Debug|Any CPU
		{184C9551-12BF-40E2-8AE8-A817115F54F5}.Debug|Any CPU.Build.0 = Debug|Any CPU
		{184C9551-12BF-40E2-8AE8-A817115F54F5}.Release|Any CPU.ActiveCfg = Release|Any CPU
		{184C9551-12BF-40E2-8AE8-A817115F54F5}.Release|Any CPU.Build.0 = Release|Any CPU
	EndGlobalSection
	GlobalSection(SolutionProperties) = preSolution
		HideSolutionNode = FALSE
	EndGlobalSection
	GlobalSection(ExtensibilityGlobals) = postSolution
		SolutionGuid = {47264065-CD9D-4FEC-9449-A840452124B1}
	EndGlobalSection
EndGlobal
